hash: a29bdef36e4f569315d84b12a9fa49d4318d7bf7316927152c3cbb088cb7fee3
updated: 2016-12-29T15:35:42.601592263-05:00
imports:
- name: github.com/dgrijalva/jwt-go
  version: f0777076321ab64f6efc15a82d9d23b98539b943
- name: github.com/labstack/echo
  version: 8d504c1b699c757b267255c53b3e5219f9974abc
  subpackages:
  - middleware
- name: github.com/labstack/gommon
  version: 2d272df536d051e737aea353b86c979d6e88bce0
  subpackages:
  - bytes
  - color
  - log
  - random
- name: github.com/lib/pq
  version: 5bf161122cd640c2a5a2c1d7fa49ea9befff31dd
  subpackages:
  - oid
- name: github.com/mattn/go-colorable
  version: 9056b7a9f2d1f2d96498d6d146acd1f9d5ed3d59
- name: github.com/mattn/go-isatty
  version: 56b76bdf51f7708750eac80fa38b952bb9f32639
- name: github.com/tylerb/graceful
  version: 4df1190835320af7076dfcf27b3d071fd3612caf
- name: github.com/valyala/fasttemplate
  version: 3b874956e03f1636d171bda64b130f9135f42cff
- name: golang.org/x/crypto
  version: f6b343c37ca80bfa8ea539da67a0b621f84fab1d
  subpackages:
  - acme
  - acme/autocert
- name: golang.org/x/net
  version: bc3663df0ac92f928d419e31e0d2af22e683a5a2
  subpackages:
  - context
  - context/ctxhttp
- name: golang.org/x/sys
  version: 62bee037599929a6e9146f29d10dd5208c43507d
  subpackages:
  - unix
testImports: []
